
Microsoft Visual Studio Solution File, Format Version 12.00
# Visual Studio Version 16
VisualStudioVersion = 16.0.30907.101
MinimumVisualStudioVersion = 10.0.40219.1
Project("{FAE04EC0-301F-11D3-BF4B-00C04F79EFBC}") = "BlueHelper", "BlueHelper\BlueHelper.csproj", "{B866826B-C3D5-42A0-AFAC-4322A8517470}"
EndProject
Global
	GlobalSection(SolutionConfigurationPlatforms) = preSolution
		Debug|Any CPU = Debug|Any CPU
		Release|Any CPU = Release|Any CPU
	EndGlobalSection
	GlobalSection(ProjectConfigurationPlatforms) = postSolution
		{B866826B-C3D5-42A0-AFAC-4322A8517470}.Debug|Any CPU.ActiveCfg = Debug|Any CPU
		{B866826B-C3D5-42A0-AFAC-4322A8517470}.Debug|Any CPU.Build.0 = Debug|Any CPU
		{B866826B-C3D5-42A0-AFAC-4322A8517470}.Release|Any CPU.ActiveCfg = Release|Any CPU
		{B866826B-C3D5-42A0-AFAC-4322A8517470}.Release|Any CPU.Build.0 = Release|Any CPU
	EndGlobalSection
	GlobalSection(SolutionProperties) = preSolution
		HideSolutionNode = FALSE
	EndGlobalSection
	GlobalSection(ExtensibilityGlobals) = postSolution
		SolutionGuid = {5193E501-67B2-492F-BBFE-53A0E0B1E5A9}
	EndGlobalSection
EndGlobal
